<?xml version="1.0" encoding="utf-8"?>
<Project ToolsVersion="4.0" xmlns="http://schemas.microsoft.com/developer/msbuild/2003">
  <ItemGroup>
    <Filter Include="win32">
      <UniqueIdentifier>{84a8ebd7-7cf0-47f6-b75e-d441df67da40}</UniqueIdentifier>
    </Filter>
    <Filter Include="Classes">
      <UniqueIdentifier>{bb6c862e-70e9-49d9-81b7-3829a6f50471}</UniqueIdentifier>
    </Filter>
    <Filter Include="resource">
      <UniqueIdentifier>{715254bc-d70b-4ec5-bf29-467dd3ace079}</UniqueIdentifier>
    </Filter>
    <Filter Include="Classes\msg">
      <UniqueIdentifier>{2886c885-44da-4a81-b83d-dc890e46b474}</UniqueIdentifier>
    </Filter>
    <Filter Include="Classes\input">
      <UniqueIdentifier>{0e5283a3-685c-4bf8-9e6d-cb313a549695}</UniqueIdentifier>
    </Filter>
    <Filter Include="Classes\character">
      <UniqueIdentifier>{c90e734f-15bd-4d3d-81db-b5b0d7e23f1d}</UniqueIdentifier>
    </Filter>
    <Filter Include="Classes\entity">
      <UniqueIdentifier>{8a079575-b740-4427-8cec-73eec339801f}</UniqueIdentifier>
    </Filter>
    <Filter Include="Classes\flightprops">
      <UniqueIdentifier>{2750b8e9-d1fb-43aa-8d16-8fea332d5bb0}</UniqueIdentifier>
    </Filter>
    <Filter Include="Classes\ui">
      <UniqueIdentifier>{c65a3b7e-0fa2-4018-9b9c-283697c828c7}</UniqueIdentifier>
    </Filter>
    <Filter Include="Classes\joystick">
      <UniqueIdentifier>{947c1301-eef2-499c-9a71-cb97803b74ef}</UniqueIdentifier>
    </Filter>
    <Filter Include="Classes\ai">
      <UniqueIdentifier>{2ea3afb0-8228-43c0-9c41-9ea31c34fcae}</UniqueIdentifier>
    </Filter>
    <Filter Include="Classes\ai\goal">
      <UniqueIdentifier>{69843912-e004-4bae-b928-0d8334281aaa}</UniqueIdentifier>
    </Filter>
    <Filter Include="Classes\ai\goal\atomic">
      <UniqueIdentifier>{3924f5fc-bb67-4d86-9c09-16f2f63431a2}</UniqueIdentifier>
    </Filter>
    <Filter Include="Classes\ai\goal\composite">
      <UniqueIdentifier>{93cb6575-0813-4680-a166-57ff2380324a}</UniqueIdentifier>
    </Filter>
    <Filter Include="Classes\tools">
      <UniqueIdentifier>{7766df8b-0ae7-433b-8a92-30ebafa82e4f}</UniqueIdentifier>
    </Filter>
    <Filter Include="Classes\weapons &amp; projectiles">
      <UniqueIdentifier>{d9bb724d-a6dc-4301-ad36-c8c1769312dc}</UniqueIdentifier>
    </Filter>
    <Filter Include="Classes\weapons &amp; projectiles\weapons">
      <UniqueIdentifier>{7387d3c7-2a51-4060-b304-78728e84b2c7}</UniqueIdentifier>
    </Filter>
    <Filter Include="Classes\weapons &amp; projectiles\projectiles">
      <UniqueIdentifier>{28061dca-256b-4c8c-9446-a431972d79c0}</UniqueIdentifier>
    </Filter>
    <Filter Include="Classes\ai\system">
      <UniqueIdentifier>{a54e92e6-4c6d-4c52-83f6-4b44086ba72f}</UniqueIdentifier>
    </Filter>
    <Filter Include="Classes\ai\goal\composite\topgoal">
      <UniqueIdentifier>{a0f350a9-224d-40ca-ba5d-22e6cbd42a75}</UniqueIdentifier>
    </Filter>
    <Filter Include="Classes\movement">
      <UniqueIdentifier>{3519de77-6216-43a2-bca3-2139cb3505a2}</UniqueIdentifier>
    </Filter>
    <Filter Include="Classes\map">
      <UniqueIdentifier>{b4429bad-0e50-4c23-a9ac-01a013678b97}</UniqueIdentifier>
    </Filter>
  </ItemGroup>
  <ItemGroup>
    <ClCompile Include="main.cpp">
      <Filter>win32</Filter>
    </ClCompile>
    <ClCompile Include="..\Classes\AppDelegate.cpp">
      <Filter>Classes</Filter>
    </ClCompile>
    <ClCompile Include="..\Classes\GameTeam.cpp">
      <Filter>Classes</Filter>
    </ClCompile>
    <ClCompile Include="..\Classes\TeamManager.cpp">
      <Filter>Classes</Filter>
    </ClCompile>
    <ClCompile Include="..\Classes\MessageDispatcher.cpp">
      <Filter>Classes\msg</Filter>
    </ClCompile>
    <ClCompile Include="..\Classes\GameMap.cpp">
      <Filter>Classes\map</Filter>
    </ClCompile>
    <ClCompile Include="..\Classes\PCInputManager.cpp">
      <Filter>Classes\input</Filter>
    </ClCompile>
    <ClCompile Include="..\Classes\GameCharacter.cpp">
      <Filter>Classes\character</Filter>
    </ClCompile>
    <ClCompile Include="..\Classes\GameCharacterAttribute.cpp">
      <Filter>Classes\character</Filter>
    </ClCompile>
    <ClCompile Include="..\Classes\GameCharacterShape.cpp">
      <Filter>Classes\character</Filter>
    </ClCompile>
    <ClCompile Include="..\Classes\BaseGameEntity.cpp">
      <Filter>Classes\entity</Filter>
    </ClCompile>
    <ClCompile Include="..\Classes\EntityManager.cpp">
      <Filter>Classes\entity</Filter>
    </ClCompile>
    <ClCompile Include="..\Classes\FlightProps.cpp">
      <Filter>Classes\flightprops</Filter>
    </ClCompile>
    <ClCompile Include="..\Classes\FlightPropsMgr.cpp">
      <Filter>Classes\flightprops</Filter>
    </ClCompile>
    <ClCompile Include="..\Classes\BattleUI.cpp">
      <Filter>Classes\ui</Filter>
    </ClCompile>
    <ClCompile Include="..\Classes\UIViewManager.cpp">
      <Filter>Classes\ui</Filter>
    </ClCompile>
    <ClCompile Include="..\Classes\UIView.cpp">
      <Filter>Classes\ui</Filter>
    </ClCompile>
    <ClCompile Include="..\Classes\JoyStick.cpp">
      <Filter>Classes\joystick</Filter>
    </ClCompile>
    <ClCompile Include="..\Classes\GoalThink.cpp">
      <Filter>Classes\ai\goal\composite</Filter>
    </ClCompile>
    <ClCompile Include="..\Classes\GameMainModel.cpp">
      <Filter>Classes</Filter>
    </ClCompile>
    <ClCompile Include="..\Classes\GameScene.cpp">
      <Filter>Classes</Filter>
    </ClCompile>
    <ClCompile Include="..\Classes\Weapon.cpp">
      <Filter>Classes\weapons &amp; projectiles\weapons</Filter>
    </ClCompile>
    <ClCompile Include="..\Classes\NormalCloseRangeWeapon.cpp">
      <Filter>Classes\weapons &amp; projectiles\weapons</Filter>
    </ClCompile>
    <ClCompile Include="..\Classes\WeaponControlSystem.cpp">
      <Filter>Classes\ai\system</Filter>
    </ClCompile>
    <ClCompile Include="..\Classes\TargetControlSystem.cpp">
      <Filter>Classes\ai\system</Filter>
    </ClCompile>
    <ClCompile Include="..\Classes\GoalAttackTarget.cpp">
      <Filter>Classes\ai\goal\composite\topgoal</Filter>
    </ClCompile>
    <ClCompile Include="..\Classes\SteeringBehaviors.cpp">
      <Filter>Classes\movement</Filter>
    </ClCompile>
  </ItemGroup>
  <ItemGroup>
    <ClInclude Include="main.h">
      <Filter>win32</Filter>
    </ClInclude>
    <ClInclude Include="..\Classes\AppDelegate.h">
      <Filter>Classes</Filter>
    </ClInclude>
    <ClInclude Include="..\Classes\GameTeam.h">
      <Filter>Classes</Filter>
    </ClInclude>
    <ClInclude Include="..\Classes\TeamManager.h">
      <Filter>Classes</Filter>
    </ClInclude>
    <ClInclude Include="..\Classes\Telegram.h">
      <Filter>Classes\msg</Filter>
    </ClInclude>
    <ClInclude Include="..\Classes\MessageDispatcher.h">
      <Filter>Classes\msg</Filter>
    </ClInclude>
    <ClInclude Include="..\Classes\GameMap.h">
      <Filter>Classes\map</Filter>
    </ClInclude>
    <ClInclude Include="..\Classes\PCInputManager.h">
      <Filter>Classes\input</Filter>
    </ClInclude>
    <ClInclude Include="..\Classes\InputManager.h">
      <Filter>Classes\input</Filter>
    </ClInclude>
    <ClInclude Include="..\Classes\GameCharacter.h">
      <Filter>Classes\character</Filter>
    </ClInclude>
    <ClInclude Include="..\Classes\GameCharacterAttribute.h">
      <Filter>Classes\character</Filter>
    </ClInclude>
    <ClInclude Include="..\Classes\GameCharacterShape.h">
      <Filter>Classes\character</Filter>
    </ClInclude>
    <ClInclude Include="..\Classes\EntityManager.h">
      <Filter>Classes\entity</Filter>
    </ClInclude>
    <ClInclude Include="..\Classes\BaseGameEntity.h">
      <Filter>Classes\entity</Filter>
    </ClInclude>
    <ClInclude Include="..\Classes\FlightProps.h">
      <Filter>Classes\flightprops</Filter>
    </ClInclude>
    <ClInclude Include="..\Classes\FlightPropsMgr.h">
      <Filter>Classes\flightprops</Filter>
    </ClInclude>
    <ClInclude Include="..\Classes\BattleUI.h">
      <Filter>Classes\ui</Filter>
    </ClInclude>
    <ClInclude Include="..\Classes\UIView.h">
      <Filter>Classes\ui</Filter>
    </ClInclude>
    <ClInclude Include="..\Classes\RefreshUIEventEnum.h">
      <Filter>Classes\ui</Filter>
    </ClInclude>
    <ClInclude Include="..\Classes\RefreshUIMsg.h">
      <Filter>Classes\ui</Filter>
    </ClInclude>
    <ClInclude Include="..\Classes\UIViewManager.h">
      <Filter>Classes\ui</Filter>
    </ClInclude>
    <ClInclude Include="..\Classes\UIViewIdEnum.h">
      <Filter>Classes\ui</Filter>
    </ClInclude>
    <ClInclude Include="..\Classes\JoyStick.h">
      <Filter>Classes\joystick</Filter>
    </ClInclude>
    <ClInclude Include="..\Classes\Goal.h">
      <Filter>Classes\ai\goal\atomic</Filter>
    </ClInclude>
    <ClInclude Include="..\Classes\GoalComposite.h">
      <Filter>Classes\ai\goal\composite</Filter>
    </ClInclude>
    <ClInclude Include="..\Classes\TimeTool.h">
      <Filter>Classes\tools</Filter>
    </ClInclude>
    <ClInclude Include="..\Classes\GoalThink.h">
      <Filter>Classes\ai\goal\composite</Filter>
    </ClInclude>
    <ClInclude Include="..\Classes\MathTool.h">
      <Filter>Classes\tools</Filter>
    </ClInclude>
    <ClInclude Include="..\Classes\GameMainModel.h">
      <Filter>Classes</Filter>
    </ClInclude>
    <ClInclude Include="..\Classes\GameScene.h">
      <Filter>Classes</Filter>
    </ClInclude>
    <ClInclude Include="..\Classes\Weapon.h">
      <Filter>Classes\weapons &amp; projectiles\weapons</Filter>
    </ClInclude>
    <ClInclude Include="..\Classes\NormalCloseRangeWeapon.h">
      <Filter>Classes\weapons &amp; projectiles\weapons</Filter>
    </ClInclude>
    <ClInclude Include="..\Classes\WeaponControlSystem.h">
      <Filter>Classes\ai\system</Filter>
    </ClInclude>
    <ClInclude Include="..\Classes\TargetControlSystem.h">
      <Filter>Classes\ai\system</Filter>
    </ClInclude>
    <ClInclude Include="..\Classes\GoalAttackTarget.h">
      <Filter>Classes\ai\goal\composite\topgoal</Filter>
    </ClInclude>
    <ClInclude Include="..\Classes\SteeringBehaviors.h">
      <Filter>Classes\movement</Filter>
    </ClInclude>
    <ClInclude Include="..\Classes\MovingEntity.h">
      <Filter>Classes\movement</Filter>
    </ClInclude>
    <ClInclude Include="..\Classes\Wall2D.h">
      <Filter>Classes\map</Filter>
    </ClInclude>
    <ClInclude Include="..\Classes\Formation.h">
      <Filter>Classes\movement</Filter>
    </ClInclude>
  </ItemGroup>
  <ItemGroup>
    <ResourceCompile Include="game.rc">
      <Filter>resource</Filter>
    </ResourceCompile>
  </ItemGroup>
</Project>